
Microsoft Visual Studio Solution File, Format Version 12.00
# Visual Studio Version 16
VisualStudioVersion = 16.0.29509.3
MinimumVisualStudioVersion = 10.0.40219.1
Project("{FAE04EC0-301F-11D3-BF4B-00C04F79EFBC}") = "app", "app.csproj", "{D9F5E77F-D168-4F79-A1F2-FCD54498F2CA}"
EndProject
Project("{FAE04EC0-301F-11D3-BF4B-00C04F79EFBC}") = "interface1.0.0.0", "..\interface1.0.0.0\interface1.0.0.0.csproj", "{F7ED812B-9CF5-49D3-A7FF-5AC3064472AB}"
EndProject
Project("{FAE04EC0-301F-11D3-BF4B-00C04F79EFBC}") = "interface1.1.0.0", "..\interface1.1.0.0\interface1.1.0.0.csproj", "{220080F5-C29F-4E31-97E3-3BDF323A2A77}"
EndProject
Project("{FAE04EC0-301F-11D3-BF4B-00C04F79EFBC}") = "interface2.0.0.0", "..\interface2.0.0.0\interface2.0.0.0.csproj", "{FD67F77A-1AA4-44BB-AAD7-F0AEDB1A8C02}"
EndProject
Project("{FAE04EC0-301F-11D3-BF4B-00C04F79EFBC}") = "VersionChecker", "..\dependencychecker\VersionChecker.csproj", "{C212C543-43EF-42C5-A9D5-AE18FDC3E889}"
EndProject
Project("{FAE04EC0-301F-11D3-BF4B-00C04F79EFBC}") = "UnitTest", "..\dependencychecker\UnitTest\UnitTest.csproj", "{5C99080E-76BD-45D3-BA17-F28FD60A04D6}"
EndProject
Global
	GlobalSection(SolutionConfigurationPlatforms) = preSolution
		Debug|Any CPU = Debug|Any CPU
		Release|Any CPU = Release|Any CPU
	EndGlobalSection
	GlobalSection(ProjectConfigurationPlatforms) = postSolution
		{D9F5E77F-D168-4F79-A1F2-FCD54498F2CA}.Debug|Any CPU.ActiveCfg = Debug|Any CPU
		{D9F5E77F-D168-4F79-A1F2-FCD54498F2CA}.Debug|Any CPU.Build.0 = Debug|Any CPU
		{D9F5E77F-D168-4F79-A1F2-FCD54498F2CA}.Release|Any CPU.ActiveCfg = Release|Any CPU
		{D9F5E77F-D168-4F79-A1F2-FCD54498F2CA}.Release|Any CPU.Build.0 = Release|Any CPU
		{F7ED812B-9CF5-49D3-A7FF-5AC3064472AB}.Debug|Any CPU.ActiveCfg = Debug|Any CPU
		{F7ED812B-9CF5-49D3-A7FF-5AC3064472AB}.Debug|Any CPU.Build.0 = Debug|Any CPU
		{F7ED812B-9CF5-49D3-A7FF-5AC3064472AB}.Release|Any CPU.ActiveCfg = Release|Any CPU
		{F7ED812B-9CF5-49D3-A7FF-5AC3064472AB}.Release|Any CPU.Build.0 = Release|Any CPU
		{220080F5-C29F-4E31-97E3-3BDF323A2A77}.Debug|Any CPU.ActiveCfg = Debug|Any CPU
		{220080F5-C29F-4E31-97E3-3BDF323A2A77}.Debug|Any CPU.Build.0 = Debug|Any CPU
		{220080F5-C29F-4E31-97E3-3BDF323A2A77}.Release|Any CPU.ActiveCfg = Release|Any CPU
		{220080F5-C29F-4E31-97E3-3BDF323A2A77}.Release|Any CPU.Build.0 = Release|Any CPU
		{FD67F77A-1AA4-44BB-AAD7-F0AEDB1A8C02}.Debug|Any CPU.ActiveCfg = Debug|Any CPU
		{FD67F77A-1AA4-44BB-AAD7-F0AEDB1A8C02}.Debug|Any CPU.Build.0 = Debug|Any CPU
		{FD67F77A-1AA4-44BB-AAD7-F0AEDB1A8C02}.Release|Any CPU.ActiveCfg = Release|Any CPU
		{FD67F77A-1AA4-44BB-AAD7-F0AEDB1A8C02}.Release|Any CPU.Build.0 = Release|Any CPU
		{C212C543-43EF-42C5-A9D5-AE18FDC3E889}.Debug|Any CPU.ActiveCfg = Debug|Any CPU
		{C212C543-43EF-42C5-A9D5-AE18FDC3E889}.Debug|Any CPU.Build.0 = Debug|Any CPU
		{C212C543-43EF-42C5-A9D5-AE18FDC3E889}.Release|Any CPU.ActiveCfg = Release|Any CPU
		{C212C543-43EF-42C5-A9D5-AE18FDC3E889}.Release|Any CPU.Build.0 = Release|Any CPU
		{5C99080E-76BD-45D3-BA17-F28FD60A04D6}.Debug|Any CPU.ActiveCfg = Debug|Any CPU
		{5C99080E-76BD-45D3-BA17-F28FD60A04D6}.Debug|Any CPU.Build.0 = Debug|Any CPU
		{5C99080E-76BD-45D3-BA17-F28FD60A04D6}.Release|Any CPU.ActiveCfg = Release|Any CPU
		{5C99080E-76BD-45D3-BA17-F28FD60A04D6}.Release|Any CPU.Build.0 = Release|Any CPU
	EndGlobalSection
	GlobalSection(SolutionProperties) = preSolution
		HideSolutionNode = FALSE
	EndGlobalSection
	GlobalSection(ExtensibilityGlobals) = postSolution
		SolutionGuid = {F7CF2132-9186-4E8C-9B88-87D22BEAB7D0}
	EndGlobalSection
EndGlobal
